
Microsoft Visual Studio Solution File, Format Version 12.00
# Visual Studio Version 16
VisualStudioVersion = 16.0.35325.158
MinimumVisualStudioVersion = 10.0.40219.1
Project("{FAE04EC0-301F-11D3-BF4B-00C04F79EFBC}") = "ClientWebServiceSoap", "ClientWebServiceSoap\ClientWebServiceSoap.csproj", "{30748881-9C42-4039-B73E-24B53B72ACBA}"
EndProject
Global
	GlobalSection(SolutionConfigurationPlatforms) = preSolution
		Debug|Any CPU = Debug|Any CPU
		Release|Any CPU = Release|Any CPU
	EndGlobalSection
	GlobalSection(ProjectConfigurationPlatforms) = postSolution
		{30748881-9C42-4039-B73E-24B53B72ACBA}.Debug|Any CPU.ActiveCfg = Debug|Any CPU
		{30748881-9C42-4039-B73E-24B53B72ACBA}.Debug|Any CPU.Build.0 = Debug|Any CPU
		{30748881-9C42-4039-B73E-24B53B72ACBA}.Release|Any CPU.ActiveCfg = Release|Any CPU
		{30748881-9C42-4039-B73E-24B53B72ACBA}.Release|Any CPU.Build.0 = Release|Any CPU
	EndGlobalSection
	GlobalSection(SolutionProperties) = preSolution
		HideSolutionNode = FALSE
	EndGlobalSection
	GlobalSection(ExtensibilityGlobals) = postSolution
		SolutionGuid = {E9FFF09D-CE7D-4884-9453-C30BAE64766D}
	EndGlobalSection
EndGlobal
